
Microsoft Visual Studio Solution File, Format Version 12.00
# Visual Studio 15
Project("{FAE04EC0-301F-11D3-BF4B-00C04F79EFBC}") = "沙漠坦克2", "Assembly-CSharp.csproj", "{AF93383E-4B70-53FA-2F97-11081612A77E}"
EndProject
Project("{FAE04EC0-301F-11D3-BF4B-00C04F79EFBC}") = "沙漠坦克2", "Assembly-CSharp-Editor.csproj", "{4B3B9805-28F1-1209-C9F4-B2911EAB16CB}"
EndProject
Global
	GlobalSection(SolutionConfigurationPlatforms) = preSolution
		Debug|Any CPU = Debug|Any CPU
		Release|Any CPU = Release|Any CPU
	EndGlobalSection
	GlobalSection(ProjectConfigurationPlatforms) = postSolution
		{AF93383E-4B70-53FA-2F97-11081612A77E}.Debug|Any CPU.ActiveCfg = Debug|Any CPU
		{AF93383E-4B70-53FA-2F97-11081612A77E}.Debug|Any CPU.Build.0 = Debug|Any CPU
		{AF93383E-4B70-53FA-2F97-11081612A77E}.Release|Any CPU.ActiveCfg = Release|Any CPU
		{AF93383E-4B70-53FA-2F97-11081612A77E}.Release|Any CPU.Build.0 = Release|Any CPU
		{4B3B9805-28F1-1209-C9F4-B2911EAB16CB}.Debug|Any CPU.ActiveCfg = Debug|Any CPU
		{4B3B9805-28F1-1209-C9F4-B2911EAB16CB}.Debug|Any CPU.Build.0 = Debug|Any CPU
		{4B3B9805-28F1-1209-C9F4-B2911EAB16CB}.Release|Any CPU.ActiveCfg = Release|Any CPU
		{4B3B9805-28F1-1209-C9F4-B2911EAB16CB}.Release|Any CPU.Build.0 = Release|Any CPU
	EndGlobalSection
	GlobalSection(SolutionProperties) = preSolution
		HideSolutionNode = FALSE
	EndGlobalSection
EndGlobal
